
Microsoft Visual Studio Solution File, Format Version 12.00
# Visual Studio Version 16
VisualStudioVersion = 16.0.31624.102
MinimumVisualStudioVersion = 10.0.40219.1
Project("{FAE04EC0-301F-11D3-BF4B-00C04F79EFBC}") = "Senai.Rental.WebApi", "Senai.Rental.WebApi\Senai.Rental.WebApi.csproj", "{4AD816DB-0251-4E9C-94DC-4E50105CE96E}"
EndProject
Global
	GlobalSection(SolutionConfigurationPlatforms) = preSolution
		Debug|Any CPU = Debug|Any CPU
		Release|Any CPU = Release|Any CPU
	EndGlobalSection
	GlobalSection(ProjectConfigurationPlatforms) = postSolution
		{4AD816DB-0251-4E9C-94DC-4E50105CE96E}.Debug|Any CPU.ActiveCfg = Debug|Any CPU
		{4AD816DB-0251-4E9C-94DC-4E50105CE96E}.Debug|Any CPU.Build.0 = Debug|Any CPU
		{4AD816DB-0251-4E9C-94DC-4E50105CE96E}.Release|Any CPU.ActiveCfg = Release|Any CPU
		{4AD816DB-0251-4E9C-94DC-4E50105CE96E}.Release|Any CPU.Build.0 = Release|Any CPU
	EndGlobalSection
	GlobalSection(SolutionProperties) = preSolution
		HideSolutionNode = FALSE
	EndGlobalSection
	GlobalSection(ExtensibilityGlobals) = postSolution
		SolutionGuid = {B191925F-9398-46F9-84E8-44E3B823E3CE}
	EndGlobalSection
EndGlobal
